
Microsoft Visual Studio Solution File, Format Version 12.00
# Visual Studio Version 17
VisualStudioVersion = 17.3.32825.248
MinimumVisualStudioVersion = 10.0.40219.1
Project("{8BC9CEB8-8B4A-11D0-8D11-00A0C91BC942}") = "Ex_6.4", "Ex_6.4\Ex_6.4.vcxproj", "{59489E7C-35E3-4AD3-ACDA-C2998A2FCD8C}"
EndProject
Global
	GlobalSection(SolutionConfigurationPlatforms) = preSolution
		Debug|x64 = Debug|x64
		Debug|x86 = Debug|x86
		Release|x64 = Release|x64
		Release|x86 = Release|x86
	EndGlobalSection
	GlobalSection(ProjectConfigurationPlatforms) = postSolution
		{59489E7C-35E3-4AD3-ACDA-C2998A2FCD8C}.Debug|x64.ActiveCfg = Debug|x64
		{59489E7C-35E3-4AD3-ACDA-C2998A2FCD8C}.Debug|x64.Build.0 = Debug|x64
		{59489E7C-35E3-4AD3-ACDA-C2998A2FCD8C}.Debug|x86.ActiveCfg = Debug|Win32
		{59489E7C-35E3-4AD3-ACDA-C2998A2FCD8C}.Debug|x86.Build.0 = Debug|Win32
		{59489E7C-35E3-4AD3-ACDA-C2998A2FCD8C}.Release|x64.ActiveCfg = Release|x64
		{59489E7C-35E3-4AD3-ACDA-C2998A2FCD8C}.Release|x64.Build.0 = Release|x64
		{59489E7C-35E3-4AD3-ACDA-C2998A2FCD8C}.Release|x86.ActiveCfg = Release|Win32
		{59489E7C-35E3-4AD3-ACDA-C2998A2FCD8C}.Release|x86.Build.0 = Release|Win32
	EndGlobalSection
	GlobalSection(SolutionProperties) = preSolution
		HideSolutionNode = FALSE
	EndGlobalSection
	GlobalSection(ExtensibilityGlobals) = postSolution
		SolutionGuid = {2213385C-0464-4E31-976E-45F74FC346D5}
	EndGlobalSection
EndGlobal
